
Microsoft Visual Studio Solution File, Format Version 12.00
# Visual Studio Version 17
VisualStudioVersion = 17.11.35327.3
MinimumVisualStudioVersion = 10.0.40219.1
Project("{9A19103F-16F7-4668-BE54-9A1E7A4F7556}") = "QMS.API", "QMS.API\QMS.API.csproj", "{719E52E2-56FE-4448-A7C6-7D85360CB73C}"
EndProject
Project("{9A19103F-16F7-4668-BE54-9A1E7A4F7556}") = "QMS.BL", "QMS.BL\QMS.BL.csproj", "{CC4EB043-6305-42D6-9892-39F20D8B91F4}"
EndProject
Project("{9A19103F-16F7-4668-BE54-9A1E7A4F7556}") = "QMS.DAL", "QMS.DAL\QMS.DAL.csproj", "{95031537-28B8-4CBB-8FE0-82AD17C12236}"
EndProject
Global
	GlobalSection(SolutionConfigurationPlatforms) = preSolution
		Debug|Any CPU = Debug|Any CPU
		Release|Any CPU = Release|Any CPU
	EndGlobalSection
	GlobalSection(ProjectConfigurationPlatforms) = postSolution
		{719E52E2-56FE-4448-A7C6-7D85360CB73C}.Debug|Any CPU.ActiveCfg = Debug|Any CPU
		{719E52E2-56FE-4448-A7C6-7D85360CB73C}.Debug|Any CPU.Build.0 = Debug|Any CPU
		{719E52E2-56FE-4448-A7C6-7D85360CB73C}.Release|Any CPU.ActiveCfg = Release|Any CPU
		{719E52E2-56FE-4448-A7C6-7D85360CB73C}.Release|Any CPU.Build.0 = Release|Any CPU
		{CC4EB043-6305-42D6-9892-39F20D8B91F4}.Debug|Any CPU.ActiveCfg = Debug|Any CPU
		{CC4EB043-6305-42D6-9892-39F20D8B91F4}.Debug|Any CPU.Build.0 = Debug|Any CPU
		{CC4EB043-6305-42D6-9892-39F20D8B91F4}.Release|Any CPU.ActiveCfg = Release|Any CPU
		{CC4EB043-6305-42D6-9892-39F20D8B91F4}.Release|Any CPU.Build.0 = Release|Any CPU
		{95031537-28B8-4CBB-8FE0-82AD17C12236}.Debug|Any CPU.ActiveCfg = Debug|Any CPU
		{95031537-28B8-4CBB-8FE0-82AD17C12236}.Debug|Any CPU.Build.0 = Debug|Any CPU
		{95031537-28B8-4CBB-8FE0-82AD17C12236}.Release|Any CPU.ActiveCfg = Release|Any CPU
		{95031537-28B8-4CBB-8FE0-82AD17C12236}.Release|Any CPU.Build.0 = Release|Any CPU
	EndGlobalSection
	GlobalSection(SolutionProperties) = preSolution
		HideSolutionNode = FALSE
	EndGlobalSection
	GlobalSection(ExtensibilityGlobals) = postSolution
		SolutionGuid = {A25CB9DA-6477-4F6A-A06F-1199CCA99A03}
	EndGlobalSection
EndGlobal
